{
  "name": "stream-voice-bot-vkvideo-bridge",
  "version": "0.2.1",
  "lockfileVersion": 3,
  "requires": true,
  "packages": {
    "": {
      "name": "stream-voice-bot-vkvideo-bridge",
      "version": "0.2.1",
      "dependencies": {
        "vklive-message-client": "5.3.2",
        "ws": "8.21.3"
      }
    },
    "node_modules/agent-base": {
      "version": "7.1.4",
      "resolved": "https://registry.npmjs.org/agent-base/-/agent-base-7.1.4.tgz",
      "integrity": "sha512-MnA+YT8fwfJPgBx3m60MNqakm30XOkyIoH1y6huTQvC0PwZG7ki8NacLBcrPbNoo8vEZy7Jpuk7+jMO+CUovTQ==",
      "license": "MIT",
      "engines": {"node": ">= 14"}
    },
    "node_modules/eventemitter3": {
      "version": "5.0.4",
      "resolved": "https://registry.npmjs.org/eventemitter3/-/eventemitter3-5.0.4.tgz",
      "integrity": "sha512-mlsTRyGaPBjPedk6Bvw+aqbsXDtoAyAzm5MO7JgU+yVRyMQ5O8bD4Kcci7BS85f93veegeCPkL8R4GLClnjLFw==",
      "license": "MIT"
    },
    "node_modules/http-cookie-agent": {
      "version": "6.0.8",
      "resolved": "https://registry.npmjs.org/http-cookie-agent/-/http-cookie-agent-6.0.8.tgz",
      "integrity": "sha512-qnYh3yLSr2jBsTYkw11elq+T361uKAJaZ2dR4cfYZChw1dt9uL5t3zSUwehoqqVb4oldk1BpkXKm2oat8zV+oA==",
      "license": "MIT",
      "dependencies": {"agent-base": "^7.1.3"},
      "engines": {"node": ">=18.0.0"},
      "funding": {"url": "https://github.com/sponsors/3846masa"},
      "peerDependencies": {"tough-cookie": "^4.0.0 || ^5.0.0", "undici": "^5.11.0 || ^6.0.0"},
      "peerDependenciesMeta": {"undici": {"optional": true}}
    },
    "node_modules/tldts": {
      "version": "6.1.86",
      "resolved": "https://registry.npmjs.org/tldts/-/tldts-6.1.86.tgz",
      "integrity": "sha512-WMi/OQ2axVTf/ykqCQgXiIct+mSQDFdH2fkwhPwgEwvJ1kSzZRiinb0zF2Xb8u4+OqPChmyI6MEu4EezNJz+FQ==",
      "license": "MIT",
      "dependencies": {"tldts-core": "^6.1.86"},
      "bin": {"tldts": "bin/cli.js"}
    },
    "node_modules/tldts-core": {
      "version": "6.1.86",
      "resolved": "https://registry.npmjs.org/tldts-core/-/tldts-core-6.1.86.tgz",
      "integrity": "sha512-Je6p7pkk+KMzMv2XXKmAE3McmolOQFdxkKw0R8EYNr7sELW46JqnNeTX8ybPiQgvg1ymCoF8LXs5fzFaZvJPTA==",
      "license": "MIT"
    },
    "node_modules/tough-cookie": {
      "version": "5.1.2",
      "resolved": "https://registry.npmjs.org/tough-cookie/-/tough-cookie-5.1.2.tgz",
      "integrity": "sha512-FVDYdxtnj0G6Qm/DhNPSb8Ju59ULcup3tuJxkFb5K8Bv2pUXILbf0xZWU8PX8Ov19OXljbUyveOFwRMwkXzO+A==",
      "license": "BSD-3-Clause",
      "dependencies": {"tldts": "^6.1.32"},
      "engines": {"node": ">=16"}
    },
    "node_modules/vklive-message-client": {
      "version": "5.3.2",
      "resolved": "https://registry.npmjs.org/vklive-message-client/-/vklive-message-client-5.3.2.tgz",
      "integrity": "sha512-Vt7k49PIGl4Xb62dfgLpejtzGbG1CHhPhQXlxj3NCPLK5vLQWbxefxqANoQaiqMc5KLsRIMIJ7jXSvPo6/OzQg==",
      "license": "MIT",
      "dependencies": {"eventemitter3": "^5.0.1", "http-cookie-agent": "^6.0.8", "tough-cookie": "^5.1.1", "undici": "^7.3.0", "ws": "^8.18.0"}
    },
    "node_modules/vklive-message-client/node_modules/undici": {
      "version": "7.29.1",
      "resolved": "https://registry.npmjs.org/undici/-/undici-7.29.1.tgz",
      "integrity": "sha512-RYONW2MeafgYlkVOKYKkA/Ag7BmXqgIWCa8t1m0JcxrQg9pI9lEqRhAOruOBCbAohOa/gkCF+iPi9hrgvTzu6Q==",
      "license": "MIT",
      "engines": {"node": ">=20.18.1"}
    },
    "node_modules/ws": {
      "version": "8.21.3",
      "resolved": "https://registry.npmjs.org/ws/-/ws-8.21.3.tgz",
      "integrity": "sha512-201TZ/kPWxoPr/OKWjquZR1SWKXcvxdH+e1xrx89b3YbmzLMFCLfnaG1HFIgWzJOEWZ7MvpK++odZufgYR50Rw==",
      "license": "MIT",
      "engines": {"node": ">=10.0.0"},
      "peerDependencies": {"bufferutil": "^4.0.1", "utf-8-validate": ">=5.0.2"},
      "peerDependenciesMeta": {"bufferutil": {"optional": true}, "utf-8-validate": {"optional": true}}
    }
  }
}
